
Microsoft Visual Studio Solution File, Format Version 12.00
# Visual Studio Version 17
VisualStudioVersion = 17.8.34525.116
MinimumVisualStudioVersion = 10.0.40219.1
Project("{FAE04EC0-301F-11D3-BF4B-00C04F79EFBC}") = "Math", "Math\Math.csproj", "{332D8BC2-92FB-46CE-A003-0DE924CC1899}"
EndProject
Project("{FAE04EC0-301F-11D3-BF4B-00C04F79EFBC}") = "MathTests", "MathTests\MathTests.csproj", "{AA2FE68A-4BB2-49AD-BE7E-B362F5FE1D3F}"
EndProject
Global
	GlobalSection(SolutionConfigurationPlatforms) = preSolution
		Debug|Any CPU = Debug|Any CPU
		Release|Any CPU = Release|Any CPU
	EndGlobalSection
	GlobalSection(ProjectConfigurationPlatforms) = postSolution
		{332D8BC2-92FB-46CE-A003-0DE924CC1899}.Debug|Any CPU.ActiveCfg = Debug|Any CPU
		{332D8BC2-92FB-46CE-A003-0DE924CC1899}.Debug|Any CPU.Build.0 = Debug|Any CPU
		{332D8BC2-92FB-46CE-A003-0DE924CC1899}.Release|Any CPU.ActiveCfg = Release|Any CPU
		{332D8BC2-92FB-46CE-A003-0DE924CC1899}.Release|Any CPU.Build.0 = Release|Any CPU
		{AA2FE68A-4BB2-49AD-BE7E-B362F5FE1D3F}.Debug|Any CPU.ActiveCfg = Debug|Any CPU
		{AA2FE68A-4BB2-49AD-BE7E-B362F5FE1D3F}.Debug|Any CPU.Build.0 = Debug|Any CPU
		{AA2FE68A-4BB2-49AD-BE7E-B362F5FE1D3F}.Release|Any CPU.ActiveCfg = Release|Any CPU
		{AA2FE68A-4BB2-49AD-BE7E-B362F5FE1D3F}.Release|Any CPU.Build.0 = Release|Any CPU
	EndGlobalSection
	GlobalSection(SolutionProperties) = preSolution
		HideSolutionNode = FALSE
	EndGlobalSection
	GlobalSection(ExtensibilityGlobals) = postSolution
		SolutionGuid = {7F94204C-756D-451B-B291-5B8025211331}
	EndGlobalSection
EndGlobal
